// !$*UTF8*$!
{
	archiveVersion = 1;
	classes = {
	};
	objectVersion = 46;
	objects = {

/* Begin PBXBuildFile section */
		3FA50E5A1C986E2500B649C2 /* AppDelegate.swift in Sources */ = {isa = PBXBuildFile; fileRef = 3FA50E591C986E2500B649C2 /* AppDelegate.swift */; };
		3FA50E5C1C986E2500B649C2 /* ViewController.swift in Sources */ = {isa = PBXBuildFile; fileRef = 3FA50E5B1C986E2500B649C2 /* ViewController.swift */; };
		3FA50E5F1C986E2500B649C2 /* Main.storyboard in Resources */ = {isa = PBXBuildFile; fileRef = 3FA50E5D1C986E2500B649C2 /* Main.storyboard */; };
		3FA50E611C986E2500B649C2 /* Assets.xcassets in Resources */ = {isa = PBXBuildFile; fileRef = 3FA50E601C986E2500B649C2 /* Assets.xcassets */; };
		3FA50E641C986E2500B649C2 /* LaunchScreen.storyboard in Resources */ = {isa = PBXBuildFile; fileRef = 3FA50E621C986E2500B649C2 /* LaunchScreen.storyboard */; };
		3FA50E6F1C986E2500B649C2 /* mem_swipeTests.swift in Sources */ = {isa = PBXBuildFile; fileRef = 3FA50E6E1C986E2500B649C2 /* mem_swipeTests.swift */; };
		3FA50E7A1C986E2500B649C2 /* mem_swipeUITests.swift in Sources */ = {isa = PBXBuildFile; fileRef = 3FA50E791C986E2500B649C2 /* mem_swipeUITests.swift */; };
/* End PBXBuildFile section */

/* Begin PBXContainerItemProxy section */
		3FA50E6B1C986E2500B649C2 /* PBXContainerItemProxy */ = {
			isa = PBXContainerItemProxy;
			containerPortal = 3FA50E4E1C986E2500B649C2 /* Project object */;
			proxyType = 1;
			remoteGlobalIDString = 3FA50E551C986E2500B649C2;
			remoteInfo = "mem swipe";
		};
		3FA50E761C986E2500B649C2 /* PBXContainerItemProxy */ = {
			isa = PBXContainerItemProxy;
			containerPortal = 3FA50E4E1C986E2500B649C2 /* Project object */;
			proxyType = 1;
			remoteGlobalIDString = 3FA50E551C986E2500B649C2;
			remoteInfo = "mem swipe";
		};
/* End PBXContainerItemProxy section */

/* Begin PBXFileReference section */
		3FA50E561C986E2500B649C2 /* mem swipe.app */ = {isa = PBXFileReference; explicitFileType = wrapper.application; includeInIndex = 0; path = "mem swipe.app"; sourceTree = BUILT_PRODUCTS_DIR; };
		3FA50E591C986E2500B649C2 /* AppDelegate.swift */ = {isa = PBXFileReference; lastKnownFileType = sourcecode.swift; path = AppDelegate.swift; sourceTree = "<group>"; };
		3FA50E5B1C986E2500B649C2 /* ViewController.swift */ = {isa = PBXFileReference; lastKnownFileType = sourcecode.swift; path = ViewController.swift; sourceTree = "<group>"; };
		3FA50E5E1C986E2500B649C2 /* Base */ = {isa = PBXFileReference; lastKnownFileType = file.storyboard; name = Base; path = Base.lproj/Main.storyboard; sourceTree = "<group>"; };
		3FA50E601C986E2500B649C2 /* Assets.xcassets */ = {isa = PBXFileReference; lastKnownFileType = folder.assetcatalog; path = Assets.xcassets; sourceTree = "<group>"; };
		3FA50E631C986E2500B649C2 /* Base */ = {isa = PBXFileReference; lastKnownFileType = file.storyboard; name = Base; path = Base.lproj/LaunchScreen.storyboard; sourceTree = "<group>"; };
		3FA50E651C986E2500B649C2 /* Info.plist */ = {isa = PBXFileReference; lastKnownFileType = text.plist.xml; path = Info.plist; sourceTree = "<group>"; };
		3FA50E6A1C986E2500B649C2 /* mem swipeTests.xctest */ = {isa = PBXFileReference; explicitFileType = wrapper.cfbundle; includeInIndex = 0; path = "mem swipeTests.xctest"; sourceTree = BUILT_PRODUCTS_DIR; };
		3FA50E6E1C986E2500B649C2 /* mem_swipeTests.swift */ = {isa = PBXFileReference; lastKnownFileType = sourcecode.swift; path = mem_swipeTests.swift; sourceTree = "<group>"; };
		3FA50E701C986E2500B649C2 /* Info.plist */ = {isa = PBXFileReference; lastKnownFileType = text.plist.xml; path = Info.plist; sourceTree = "<group>"; };
		3FA50E751C986E2500B649C2 /* mem swipeUITests.xctest */ = {isa = PBXFileReference; explicitFileType = wrapper.cfbundle; includeInIndex = 0; path = "mem swipeUITests.xctest"; sourceTree = BUILT_PRODUCTS_DIR; };
		3FA50E791C986E2500B649C2 /* mem_swipeUITests.swift */ = {isa = PBXFileReference; lastKnownFileType = sourcecode.swift; path = mem_swipeUITests.swift; sourceTree = "<group>"; };
		3FA50E7B1C986E2500B649C2 /* Info.plist */ = {isa = PBXFileReference; lastKnownFileType = text.plist.xml; path = Info.plist; sourceTree = "<group>"; };
/* End PBXFileReference section */

/* Begin PBXFrameworksBuildPhase section */
		3FA50E531C986E2500B649C2 /* Frameworks */ = {
			isa = PBXFrameworksBuildPhase;
			buildActionMask = 2147483647;
			files = (
			);
			runOnlyForDeploymentPostprocessing = 0;
		};
		3FA50E671C986E2500B649C2 /* Frameworks */ = {
			isa = PBXFrameworksBuildPhase;
			buildActionMask = 2147483647;
			files = (
			);
			runOnlyForDeploymentPostprocessing = 0;
		};
		3FA50E721C986E2500B649C2 /* Frameworks */ = {
			isa = PBXFrameworksBuildPhase;
			buildActionMask = 2147483647;
			files = (
			);
			runOnlyForDeploymentPostprocessing = 0;
		};
/* End PBXFrameworksBuildPhase section */

/* Begin PBXGroup section */
		3FA50E4D1C986E2500B649C2 = {
			isa = PBXGroup;
			children = (
				3FA50E581C986E2500B649C2 /* mem swipe */,
				3FA50E6D1C986E2500B649C2 /* mem swipeTests */,
				3FA50E781C986E2500B649C2 /* mem swipeUITests */,
				3FA50E571C986E2500B649C2 /* Products */,
			);
			sourceTree = "<group>";
		};
		3FA50E571C986E2500B649C2 /* Products */ = {
			isa = PBXGroup;
			children = (
				3FA50E561C986E2500B649C2 /* mem swipe.app */,
				3FA50E6A1C986E2500B649C2 /* mem swipeTests.xctest */,
				3FA50E751C986E2500B649C2 /* mem swipeUITests.xctest */,
			);
			name = Products;
			sourceTree = "<group>";
		};
		3FA50E581C986E2500B649C2 /* mem swipe */ = {
			isa = PBXGroup;
			children = (
				3FA50E591C986E2500B649C2 /* AppDelegate.swift */,
				3FA50E5B1C986E2500B649C2 /* ViewController.swift */,
				3FA50E5D1C986E2500B649C2 /* Main.storyboard */,
				3FA50E601C986E2500B649C2 /* Assets.xcassets */,
				3FA50E621C986E2500B649C2 /* LaunchScreen.storyboard */,
				3FA50E651C986E2500B649C2 /* Info.plist */,
			);
			path = "mem swipe";
			sourceTree = "<group>";
		};
		3FA50E6D1C986E2500B649C2 /* mem swipeTests */ = {
			isa = PBXGroup;
			children = (
				3FA50E6E1C986E2500B649C2 /* mem_swipeTests.swift */,
				3FA50E701C986E2500B649C2 /* Info.plist */,
			);
			path = "mem swipeTests";
			sourceTree = "<group>";
		};
		3FA50E781C986E2500B649C2 /* mem swipeUITests */ = {
			isa = PBXGroup;
			children = (
				3FA50E791C986E2500B649C2 /* mem_swipeUITests.swift */,
				3FA50E7B1C986E2500B649C2 /* Info.plist */,
			);
			path = "mem swipeUITests";
			sourceTree = "<group>";
		};
/* End PBXGroup section */

/* Begin PBXNativeTarget section */
		3FA50E551C986E2500B649C2 /* mem swipe */ = {
			isa = PBXNativeTarget;
			buildConfigurationList = 3FA50E7E1C986E2500B649C2 /* Build configuration list for PBXNativeTarget "mem swipe" */;
			buildPhases = (
				3FA50E521C986E2500B649C2 /* Sources */,
				3FA50E531C986E2500B649C2 /* Frameworks */,
				3FA50E541C986E2500B649C2 /* Resources */,
			);
			buildRules = (
			);
			dependencies = (
			);
			name = "mem swipe";
			productName = "mem swipe";
			productReference = 3FA50E561C986E2500B649C2 /* mem swipe.app */;
			productType = "com.apple.product-type.application";
		};
		3FA50E691C986E2500B649C2 /* mem swipeTests */ = {
			isa = PBXNativeTarget;
			buildConfigurationList = 3FA50E811C986E2500B649C2 /* Build configuration list for PBXNativeTarget "mem swipeTests" */;
			buildPhases = (
				3FA50E661C986E2500B649C2 /* Sources */,
				3FA50E671C986E2500B649C2 /* Frameworks */,
				3FA50E681C986E2500B649C2 /* Resources */,
			);
			buildRules = (
			);
			dependencies = (
				3FA50E6C1C986E2500B649C2 /* PBXTargetDependency */,
			);
			name = "mem swipeTests";
			productName = "mem swipeTests";
			productReference = 3FA50E6A1C986E2500B649C2 /* mem swipeTests.xctest */;
			productType = "com.apple.product-type.bundle.unit-test";
		};
		3FA50E741C986E2500B649C2 /* mem swipeUITests */ = {
			isa = PBXNativeTarget;
			buildConfigurationList = 3FA50E841C986E2500B649C2 /* Build configuration list for PBXNativeTarget "mem swipeUITests" */;
			buildPhases = (
				3FA50E711C986E2500B649C2 /* Sources */,
				3FA50E721C986E2500B649C2 /* Frameworks */,
				3FA50E731C986E2500B649C2 /* Resources */,
			);
			buildRules = (
			);
			dependencies = (
				3FA50E771C986E2500B649C2 /* PBXTargetDependency */,
			);
			name = "mem swipeUITests";
			productName = "mem swipeUITests";
			productReference = 3FA50E751C986E2500B649C2 /* mem swipeUITests.xctest */;
			productType = "com.apple.product-type.bundle.ui-testing";
		};
/* End PBXNativeTarget section */

/* Begin PBXProject section */
		3FA50E4E1C986E2500B649C2 /* Project object */ = {
			isa = PBXProject;
			attributes = {
				LastSwiftUpdateCheck = 0720;
				LastUpgradeCheck = 0720;
				ORGANIZATIONNAME = zstryapps;
				TargetAttributes = {
					3FA50E551C986E2500B649C2 = {
						CreatedOnToolsVersion = 7.2.1;
					};
					3FA50E691C986E2500B649C2 = {
						CreatedOnToolsVersion = 7.2.1;
						TestTargetID = 3FA50E551C986E2500B649C2;
					};
					3FA50E741C986E2500B649C2 = {
						CreatedOnToolsVersion = 7.2.1;
						TestTargetID = 3FA50E551C986E2500B649C2;
					};
				};
			};
			buildConfigurationList = 3FA50E511C986E2500B649C2 /* Build configuration list for PBXProject "mem swipe" */;
			compatibilityVersion = "Xcode 3.2";
			developmentRegion = English;
			hasScannedForEncodings = 0;
			knownRegions = (
				en,
				Base,
			);
			mainGroup = 3FA50E4D1C986E2500B649C2;
			productRefGroup = 3FA50E571C986E2500B649C2 /* Products */;
			projectDirPath = "";
			projectRoot = "";
			targets = (
				3FA50E551C986E2500B649C2 /* mem swipe */,
				3FA50E691C986E2500B649C2 /* mem swipeTests */,
				3FA50E741C986E2500B649C2 /* mem swipeUITests */,
			);
		};
/* End PBXProject section */

/* Begin PBXResourcesBuildPhase section */
		3FA50E541C986E2500B649C2 /* Resources */ = {
			isa = PBXResourcesBuildPhase;
			buildActionMask = 2147483647;
			files = (
				3FA50E641C986E2500B649C2 /* LaunchScreen.storyboard in Resources */,
				3FA50E611C986E2500B649C2 /* Assets.xcassets in Resources */,
				3FA50E5F1C986E2500B649C2 /* Main.storyboard in Resources */,
			);
			runOnlyForDeploymentPostprocessing = 0;
		};
		3FA50E681C986E2500B649C2 /* Resources */ = {
			isa = PBXResourcesBuildPhase;
			buildActionMask = 2147483647;
			files = (
			);
			runOnlyForDeploymentPostprocessing = 0;
		};
		3FA50E731C986E2500B649C2 /* Resources */ = {
			isa = PBXResourcesBuildPhase;
			buildActionMask = 2147483647;
			files = (
			);
			runOnlyForDeploymentPostprocessing = 0;
		};
/* End PBXResourcesBuildPhase section */

/* Begin PBXSourcesBuildPhase section */
		3FA50E521C986E2500B649C2 /* Sources */ = {
			isa = PBXSourcesBuildPhase;
			buildActionMask = 2147483647;
			files = (
				3FA50E5C1C986E2500B649C2 /* ViewController.swift in Sources */,
				3FA50E5A1C986E2500B649C2 /* AppDelegate.swift in Sources */,
			);
			runOnlyForDeploymentPostprocessing = 0;
		};
		3FA50E661C986E2500B649C2 /* Sources */ = {
			isa = PBXSourcesBuildPhase;
			buildActionMask = 2147483647;
			files = (
				3FA50E6F1C986E2500B649C2 /* mem_swipeTests.swift in Sources */,
			);
			runOnlyForDeploymentPostprocessing = 0;
		};
		3FA50E711C986E2500B649C2 /* Sources */ = {
			isa = PBXSourcesBuildPhase;
			buildActionMask = 2147483647;
			files = (
				3FA50E7A1C986E2500B649C2 /* mem_swipeUITests.swift in Sources */,
			);
			runOnlyForDeploymentPostprocessing = 0;
		};
/* End PBXSourcesBuildPhase section */

/* Begin PBXTargetDependency section */
		3FA50E6C1C986E2500B649C2 /* PBXTargetDependency */ = {
			isa = PBXTargetDependency;
			target = 3FA50E551C986E2500B649C2 /* mem swipe */;
			targetProxy = 3FA50E6B1C986E2500B649C2 /* PBXContainerItemProxy */;
		};
		3FA50E771C986E2500B649C2 /* PBXTargetDependency */ = {
			isa = PBXTargetDependency;
			target = 3FA50E551C986E2500B649C2 /* mem swipe */;
			targetProxy = 3FA50E761C986E2500B649C2 /* PBXContainerItemProxy */;
		};
/* End PBXTargetDependency section */

/* Begin PBXVariantGroup section */
		3FA50E5D1C986E2500B649C2 /* Main.storyboard */ = {
			isa = PBXVariantGroup;
			children = (
				3FA50E5E1C986E2500B649C2 /* Base */,
			);
			name = Main.storyboard;
			sourceTree = "<group>";
		};
		3FA50E621C986E2500B649C2 /* LaunchScreen.storyboard */ = {
			isa = PBXVariantGroup;
			children = (
				3FA50E631C986E2500B649C2 /* Base */,
			);
			name = LaunchScreen.storyboard;
			sourceTree = "<group>";
		};
/* End PBXVariantGroup section */

/* Begin XCBuildConfiguration section */
		3FA50E7C1C986E2500B649C2 /* Debug */ = {
			isa = XCBuildConfiguration;
			buildSettings = {
				ALWAYS_SEARCH_USER_PATHS = NO;
				CLANG_CXX_LANGUAGE_STANDARD = "gnu++0x";
				CLANG_CXX_LIBRARY = "libc++";
				CLANG_ENABLE_MODULES = YES;
				CLANG_ENABLE_OBJC_ARC = YES;
				CLANG_WARN_BOOL_CONVERSION = YES;
				CLANG_WARN_CONSTANT_CONVERSION = YES;
				CLANG_WARN_DIRECT_OBJC_ISA_USAGE = YES_ERROR;
				CLANG_WARN_EMPTY_BODY = YES;
				CLANG_WARN_ENUM_CONVERSION = YES;
				CLANG_WARN_INT_CONVERSION = YES;
				CLANG_WARN_OBJC_ROOT_CLASS = YES_ERROR;
				CLANG_WARN_UNREACHABLE_CODE = YES;
				CLANG_WARN__DUPLICATE_METHOD_MATCH = YES;
				"CODE_SIGN_IDENTITY[sdk=iphoneos*]" = "iPhone Developer";
				COPY_PHASE_STRIP = NO;
				DEBUG_INFORMATION_FORMAT = dwarf;
				ENABLE_STRICT_OBJC_MSGSEND = YES;
				ENABLE_TESTABILITY = YES;
				GCC_C_LANGUAGE_STANDARD = gnu99;
				GCC_DYNAMIC_NO_PIC = NO;
				GCC_NO_COMMON_BLOCKS = YES;
				GCC_OPTIMIZATION_LEVEL = 0;
				GCC_PREPROCESSOR_DEFINITIONS = (
					"DEBUG=1",
					"$(inherited)",
				);
				GCC_WARN_64_TO_32_BIT_CONVERSION = YES;
				GCC_WARN_ABOUT_RETURN_TYPE = YES_ERROR;
				GCC_WARN_UNDECLARED_SELECTOR = YES;
				GCC_WARN_UNINITIALIZED_AUTOS = YES_AGGRESSIVE;
				GCC_WARN_UNUSED_FUNCTION = YES;
				GCC_WARN_UNUSED_VARIABLE = YES;
				IPHONEOS_DEPLOYMENT_TARGET = 9.2;
				MTL_ENABLE_DEBUG_INFO = YES;
				ONLY_ACTIVE_ARCH = YES;
				SDKROOT = iphoneos;
				SWIFT_OPTIMIZATION_LEVEL = "-Onone";
				TARGETED_DEVICE_FAMILY = "1,2";
			};
			name = Debug;
		};
		3FA50E7D1C986E2500B649C2 /* Release */ = {
			isa = XCBuildConfiguration;
			buildSettings = {
				ALWAYS_SEARCH_USER_PATHS = NO;
				CLANG_CXX_LANGUAGE_STANDARD = "gnu++0x";
				CLANG_CXX_LIBRARY = "libc++";
				CLANG_ENABLE_MODULES = YES;
				CLANG_ENABLE_OBJC_ARC = YES;
				CLANG_WARN_BOOL_CONVERSION = YES;
				CLANG_WARN_CONSTANT_CONVERSION = YES;
				CLANG_WARN_DIRECT_OBJC_ISA_USAGE = YES_ERROR;
				CLANG_WARN_EMPTY_BODY = YES;
				CLANG_WARN_ENUM_CONVERSION = YES;
				CLANG_WARN_INT_CONVERSION = YES;
				CLANG_WARN_OBJC_ROOT_CLASS = YES_ERROR;
				CLANG_WARN_UNREACHABLE_CODE = YES;
				CLANG_WARN__DUPLICATE_METHOD_MATCH = YES;
				"CODE_SIGN_IDENTITY[sdk=iphoneos*]" = "iPhone Developer";
				COPY_PHASE_STRIP = NO;
				DEBUG_INFORMATION_FORMAT = "dwarf-with-dsym";
				ENABLE_NS_ASSERTIONS = NO;
				ENABLE_STRICT_OBJC_MSGSEND = YES;
				GCC_C_LANGUAGE_STANDARD = gnu99;
				GCC_NO_COMMON_BLOCKS = YES;
				GCC_WARN_64_TO_32_BIT_CONVERSION = YES;
				GCC_WARN_ABOUT_RETURN_TYPE = YES_ERROR;
				GCC_WARN_UNDECLARED_SELECTOR = YES;
				GCC_WARN_UNINITIALIZED_AUTOS = YES_AGGRESSIVE;
				GCC_WARN_UNUSED_FUNCTION = YES;
				GCC_WARN_UNUSED_VARIABLE = YES;
				IPHONEOS_DEPLOYMENT_TARGET = 9.2;
				MTL_ENABLE_DEBUG_INFO = NO;
				SDKROOT = iphoneos;
				TARGETED_DEVICE_FAMILY = "1,2";
				VALIDATE_PRODUCT = YES;
			};
			name = Release;
		};
		3FA50E7F1C986E2500B649C2 /* Debug */ = {
			isa = XCBuildConfiguration;
			buildSettings = {
				ASSETCATALOG_COMPILER_APPICON_NAME = AppIcon;
				INFOPLIST_FILE = "mem swipe/Info.plist";
				LD_RUNPATH_SEARCH_PATHS = "$(inherited) @executable_path/Frameworks";
				PRODUCT_BUNDLE_IDENTIFIER = "ZSA.mem-swipe";
				PRODUCT_NAME = "$(TARGET_NAME)";
			};
			name = Debug;
		};
		3FA50E801C986E2500B649C2 /* Release */ = {
			isa = XCBuildConfiguration;
			buildSettings = {
				ASSETCATALOG_COMPILER_APPICON_NAME = AppIcon;
				INFOPLIST_FILE = "mem swipe/Info.plist";
				LD_RUNPATH_SEARCH_PATHS = "$(inherited) @executable_path/Frameworks";
				PRODUCT_BUNDLE_IDENTIFIER = "ZSA.mem-swipe";
				PRODUCT_NAME = "$(TARGET_NAME)";
			};
			name = Release;
		};
		3FA50E821C986E2500B649C2 /* Debug */ = {
			isa = XCBuildConfiguration;
			buildSettings = {
				BUNDLE_LOADER = "$(TEST_HOST)";
				INFOPLIST_FILE = "mem swipeTests/Info.plist";
				LD_RUNPATH_SEARCH_PATHS = "$(inherited) @executable_path/Frameworks @loader_path/Frameworks";
				PRODUCT_BUNDLE_IDENTIFIER = "ZSA.mem-swipeTests";
				PRODUCT_NAME = "$(TARGET_NAME)";
				TEST_HOST = "$(BUILT_PRODUCTS_DIR)/mem swipe.app/mem swipe";
			};
			name = Debug;
		};
		3FA50E831C986E2500B649C2 /* Release */ = {
			isa = XCBuildConfiguration;
			buildSettings = {
				BUNDLE_LOADER = "$(TEST_HOST)";
				INFOPLIST_FILE = "mem swipeTests/Info.plist";
				LD_RUNPATH_SEARCH_PATHS = "$(inherited) @executable_path/Frameworks @loader_path/Frameworks";
				PRODUCT_BUNDLE_IDENTIFIER = "ZSA.mem-swipeTests";
				PRODUCT_NAME = "$(TARGET_NAME)";
				TEST_HOST = "$(BUILT_PRODUCTS_DIR)/mem swipe.app/mem swipe";
			};
			name = Release;
		};
		3FA50E851C986E2500B649C2 /* Debug */ = {
			isa = XCBuildConfiguration;
			buildSettings = {
				INFOPLIST_FILE = "mem swipeUITests/Info.plist";
				LD_RUNPATH_SEARCH_PATHS = "$(inherited) @executable_path/Frameworks @loader_path/Frameworks";
				PRODUCT_BUNDLE_IDENTIFIER = "ZSA.mem-swipeUITests";
				PRODUCT_NAME = "$(TARGET_NAME)";
				TEST_TARGET_NAME = "mem swipe";
				USES_XCTRUNNER = YES;
			};
			name = Debug;
		};
		3FA50E861C986E2500B649C2 /* Release */ = {
			isa = XCBuildConfiguration;
			buildSettings = {
				INFOPLIST_FILE = "mem swipeUITests/Info.plist";
				LD_RUNPATH_SEARCH_PATHS = "$(inherited) @executable_path/Frameworks @loader_path/Frameworks";
				PRODUCT_BUNDLE_IDENTIFIER = "ZSA.mem-swipeUITests";
				PRODUCT_NAME = "$(TARGET_NAME)";
				TEST_TARGET_NAME = "mem swipe";
				USES_XCTRUNNER = YES;
			};
			name = Release;
		};
/* End XCBuildConfiguration section */

/* Begin XCConfigurationList section */
		3FA50E511C986E2500B649C2 /* Build configuration list for PBXProject "mem swipe" */ = {
			isa = XCConfigurationList;
			buildConfigurations = (
				3FA50E7C1C986E2500B649C2 /* Debug */,
				3FA50E7D1C986E2500B649C2 /* Release */,
			);
			defaultConfigurationIsVisible = 0;
			defaultConfigurationName = Release;
		};
		3FA50E7E1C986E2500B649C2 /* Build configuration list for PBXNativeTarget "mem swipe" */ = {
			isa = XCConfigurationList;
			buildConfigurations = (
				3FA50E7F1C986E2500B649C2 /* Debug */,
				3FA50E801C986E2500B649C2 /* Release */,
			);
			defaultConfigurationIsVisible = 0;
		};
		3FA50E811C986E2500B649C2 /* Build configuration list for PBXNativeTarget "mem swipeTests" */ = {
			isa = XCConfigurationList;
			buildConfigurations = (
				3FA50E821C986E2500B649C2 /* Debug */,
				3FA50E831C986E2500B649C2 /* Release */,
			);
			defaultConfigurationIsVisible = 0;
		};
		3FA50E841C986E2500B649C2 /* Build configuration list for PBXNativeTarget "mem swipeUITests" */ = {
			isa = XCConfigurationList;
			buildConfigurations = (
				3FA50E851C986E2500B649C2 /* Debug */,
				3FA50E861C986E2500B649C2 /* Release */,
			);
			defaultConfigurationIsVisible = 0;
		};
/* End XCConfigurationList section */
	};
	rootObject = 3FA50E4E1C986E2500B649C2 /* Project object */;
}
